{
  "name": "@types/universal-cookie",
  "version": "0.0.1-SNAPSHOT",
  "lockfileVersion": 1,
  "requires": true,
  "dependencies": {
    "cookie": {
      "version": "0.3.1",
      "resolved": "https://registry.npmjs.org/cookie/-/cookie-0.3.1.tgz",
      "integrity": "sha1-5+Ch+e9DtMi6klxcWpboBtFoc7s=",
      "dev": true
    },
    "object-assign": {
      "version": "4.1.1",
      "resolved": "https://registry.npmjs.org/object-assign/-/object-assign-4.1.1.tgz",
      "integrity": "sha1-IQmtx5ZYh8/AXLvUQsrIv7s2CGM=",
      "dev": true
    },
    "universal-cookie": {
      "version": "2.1.2",
      "resolved": "https://registry.npmjs.org/universal-cookie/-/universal-cookie-2.1.2.tgz",
      "integrity": "sha512-F/rsGtceIw9hR5cHCckluI2wO2CmEe4hb3jGC+EJ+1feeFmc5byaenW/1Cg/bUggJ11qNFSTVqnocP5Y0HwNeg==",
      "dev": true,
      "requires": {
        "cookie": "0.3.1",
        "object-assign": "4.1.1"
      }
    }
  }
}
